
Microsoft Visual Studio Solution File, Format Version 12.00
# Visual Studio Version 16
VisualStudioVersion = 16.0.32510.428
MinimumVisualStudioVersion = 10.0.40219.1
Project("{FAE04EC0-301F-11D3-BF4B-00C04F79EFBC}") = "ConsoleApp1", "ConsoleApp1\ConsoleApp1.csproj", "{D9524546-2DFB-47C8-BB98-8E83B900196E}"
EndProject
Global
	GlobalSection(SolutionConfigurationPlatforms) = preSolution
		Debug|Any CPU = Debug|Any CPU
		Release|Any CPU = Release|Any CPU
	EndGlobalSection
	GlobalSection(ProjectConfigurationPlatforms) = postSolution
		{D9524546-2DFB-47C8-BB98-8E83B900196E}.Debug|Any CPU.ActiveCfg = Debug|Any CPU
		{D9524546-2DFB-47C8-BB98-8E83B900196E}.Debug|Any CPU.Build.0 = Debug|Any CPU
		{D9524546-2DFB-47C8-BB98-8E83B900196E}.Release|Any CPU.ActiveCfg = Release|Any CPU
		{D9524546-2DFB-47C8-BB98-8E83B900196E}.Release|Any CPU.Build.0 = Release|Any CPU
	EndGlobalSection
	GlobalSection(SolutionProperties) = preSolution
		HideSolutionNode = FALSE
	EndGlobalSection
	GlobalSection(ExtensibilityGlobals) = postSolution
		SolutionGuid = {C1B7C5DE-974B-4995-994F-FE658160CCC8}
	EndGlobalSection
EndGlobal
