
Microsoft Visual Studio Solution File, Format Version 12.00
# Visual Studio Version 16
VisualStudioVersion = 16.0.32510.428
MinimumVisualStudioVersion = 10.0.40219.1
Project("{FAE04EC0-301F-11D3-BF4B-00C04F79EFBC}") = "Casting", "Casting\Casting.csproj", "{1CE161BB-F3FC-4655-94E0-3A09D89F8D6A}"
EndProject
Global
	GlobalSection(SolutionConfigurationPlatforms) = preSolution
		Debug|Any CPU = Debug|Any CPU
		Release|Any CPU = Release|Any CPU
	EndGlobalSection
	GlobalSection(ProjectConfigurationPlatforms) = postSolution
		{1CE161BB-F3FC-4655-94E0-3A09D89F8D6A}.Debug|Any CPU.ActiveCfg = Debug|Any CPU
		{1CE161BB-F3FC-4655-94E0-3A09D89F8D6A}.Debug|Any CPU.Build.0 = Debug|Any CPU
		{1CE161BB-F3FC-4655-94E0-3A09D89F8D6A}.Release|Any CPU.ActiveCfg = Release|Any CPU
		{1CE161BB-F3FC-4655-94E0-3A09D89F8D6A}.Release|Any CPU.Build.0 = Release|Any CPU
	EndGlobalSection
	GlobalSection(SolutionProperties) = preSolution
		HideSolutionNode = FALSE
	EndGlobalSection
	GlobalSection(ExtensibilityGlobals) = postSolution
		SolutionGuid = {6456045D-F507-425C-9A1C-1451A08CB991}
	EndGlobalSection
EndGlobal
