
Microsoft Visual Studio Solution File, Format Version 12.00
# Visual Studio Version 17
VisualStudioVersion = 17.5.33516.290
MinimumVisualStudioVersion = 10.0.40219.1
Project("{FAE04EC0-301F-11D3-BF4B-00C04F79EFBC}") = "WebApplication1", "WebApplication1\WebApplication1.csproj", "{81A997D0-1F47-440D-8B47-8A05F769B5CF}"
EndProject
Global
	GlobalSection(SolutionConfigurationPlatforms) = preSolution
		Debug|Any CPU = Debug|Any CPU
		Release|Any CPU = Release|Any CPU
	EndGlobalSection
	GlobalSection(ProjectConfigurationPlatforms) = postSolution
		{81A997D0-1F47-440D-8B47-8A05F769B5CF}.Debug|Any CPU.ActiveCfg = Debug|Any CPU
		{81A997D0-1F47-440D-8B47-8A05F769B5CF}.Debug|Any CPU.Build.0 = Debug|Any CPU
		{81A997D0-1F47-440D-8B47-8A05F769B5CF}.Release|Any CPU.ActiveCfg = Release|Any CPU
		{81A997D0-1F47-440D-8B47-8A05F769B5CF}.Release|Any CPU.Build.0 = Release|Any CPU
	EndGlobalSection
	GlobalSection(SolutionProperties) = preSolution
		HideSolutionNode = FALSE
	EndGlobalSection
	GlobalSection(ExtensibilityGlobals) = postSolution
		SolutionGuid = {CA19DBD5-28B6-42CA-AA9A-2CBFD6D1AE8E}
	EndGlobalSection
EndGlobal
