
Microsoft Visual Studio Solution File, Format Version 12.00
# Visual Studio Version 16
VisualStudioVersion = 16.0.32510.428
MinimumVisualStudioVersion = 10.0.40219.1
Project("{FAE04EC0-301F-11D3-BF4B-00C04F79EFBC}") = "ConsoleApp1", "ConsoleApp1\ConsoleApp1.csproj", "{197D18A5-9FF5-4A9F-B9D2-7ED8B639CDA2}"
EndProject
Global
	GlobalSection(SolutionConfigurationPlatforms) = preSolution
		Debug|Any CPU = Debug|Any CPU
		Release|Any CPU = Release|Any CPU
	EndGlobalSection
	GlobalSection(ProjectConfigurationPlatforms) = postSolution
		{197D18A5-9FF5-4A9F-B9D2-7ED8B639CDA2}.Debug|Any CPU.ActiveCfg = Debug|Any CPU
		{197D18A5-9FF5-4A9F-B9D2-7ED8B639CDA2}.Debug|Any CPU.Build.0 = Debug|Any CPU
		{197D18A5-9FF5-4A9F-B9D2-7ED8B639CDA2}.Release|Any CPU.ActiveCfg = Release|Any CPU
		{197D18A5-9FF5-4A9F-B9D2-7ED8B639CDA2}.Release|Any CPU.Build.0 = Release|Any CPU
	EndGlobalSection
	GlobalSection(SolutionProperties) = preSolution
		HideSolutionNode = FALSE
	EndGlobalSection
	GlobalSection(ExtensibilityGlobals) = postSolution
		SolutionGuid = {70297247-802B-48EE-9AA0-8B474FFAADF4}
	EndGlobalSection
EndGlobal
