
Microsoft Visual Studio Solution File, Format Version 12.00
# Visual Studio Version 16
VisualStudioVersion = 16.0.32510.428
MinimumVisualStudioVersion = 10.0.40219.1
Project("{FAE04EC0-301F-11D3-BF4B-00C04F79EFBC}") = "Student-Group-University", "Student-Group-University\Student-Group-University.csproj", "{DD7D77C9-5E8C-4760-909F-FFE8BD9210D0}"
EndProject
Global
	GlobalSection(SolutionConfigurationPlatforms) = preSolution
		Debug|Any CPU = Debug|Any CPU
		Release|Any CPU = Release|Any CPU
	EndGlobalSection
	GlobalSection(ProjectConfigurationPlatforms) = postSolution
		{DD7D77C9-5E8C-4760-909F-FFE8BD9210D0}.Debug|Any CPU.ActiveCfg = Debug|Any CPU
		{DD7D77C9-5E8C-4760-909F-FFE8BD9210D0}.Debug|Any CPU.Build.0 = Debug|Any CPU
		{DD7D77C9-5E8C-4760-909F-FFE8BD9210D0}.Release|Any CPU.ActiveCfg = Release|Any CPU
		{DD7D77C9-5E8C-4760-909F-FFE8BD9210D0}.Release|Any CPU.Build.0 = Release|Any CPU
	EndGlobalSection
	GlobalSection(SolutionProperties) = preSolution
		HideSolutionNode = FALSE
	EndGlobalSection
	GlobalSection(ExtensibilityGlobals) = postSolution
		SolutionGuid = {FBFCFE6E-0086-4798-822E-02BCD6156D27}
	EndGlobalSection
EndGlobal
