
Microsoft Visual Studio Solution File, Format Version 12.00
# Visual Studio Version 16
VisualStudioVersion = 16.0.32510.428
MinimumVisualStudioVersion = 10.0.40219.1
Project("{FAE04EC0-301F-11D3-BF4B-00C04F79EFBC}") = "ConsoleApp1", "ConsoleApp1\ConsoleApp1.csproj", "{73781F46-67D4-4E47-922D-57D3BD50EC09}"
EndProject
Global
	GlobalSection(SolutionConfigurationPlatforms) = preSolution
		Debug|Any CPU = Debug|Any CPU
		Release|Any CPU = Release|Any CPU
	EndGlobalSection
	GlobalSection(ProjectConfigurationPlatforms) = postSolution
		{73781F46-67D4-4E47-922D-57D3BD50EC09}.Debug|Any CPU.ActiveCfg = Debug|Any CPU
		{73781F46-67D4-4E47-922D-57D3BD50EC09}.Debug|Any CPU.Build.0 = Debug|Any CPU
		{73781F46-67D4-4E47-922D-57D3BD50EC09}.Release|Any CPU.ActiveCfg = Release|Any CPU
		{73781F46-67D4-4E47-922D-57D3BD50EC09}.Release|Any CPU.Build.0 = Release|Any CPU
	EndGlobalSection
	GlobalSection(SolutionProperties) = preSolution
		HideSolutionNode = FALSE
	EndGlobalSection
	GlobalSection(ExtensibilityGlobals) = postSolution
		SolutionGuid = {42B9D700-9D85-4EB2-B152-7DAA79B9DA0D}
	EndGlobalSection
EndGlobal
